{
  "name": "lasa_ai",
  "version": "1.0.0",
  "lockfileVersion": 3,
  "requires": true,
  "packages": {
    "": {
      "name": "lasa_ai",
      "version": "1.0.0",
      "license": "MIT",
      "dependencies": {
        "victor-db": "^0.1.3"
      }
    },
    "node_modules/victor-db": {
      "version": "0.1.3",
      "resolved": "https://registry.npmjs.org/victor-db/-/victor-db-0.1.3.tgz",
      "integrity": "sha512-Z671naLtqHWxXf7fBWOYqyxkmZ9f6jY5Mj+b5h8XLpmnBiksHn92bn0lL9tj9f4n11rLvHWBw0AKR2WCr1w4jg=="
    }
  }
}
